# THIS IS AN AUTOGENERATED FILE. DO NOT EDIT THIS FILE DIRECTLY.
# yarn lockfile v1


"@rnv/template-starter@0.37.3":
  version "0.37.3"
  resolved "https://registry.yarnpkg.com/@rnv/template-starter/-/template-starter-0.37.3.tgz#fbd2a7f25e3a856ab757c1758d7432d0dab6c886"
  integrity sha512-zsRZwXXxAuvpFp5dwjNSl3o+7pnZlSSVkxmbuPJvfnID70KLN2P3GedUglC12ic1ImQJygakgBqsjQmouV62kQ==
